
Microsoft Visual Studio Solution File, Format Version 12.00
# Visual Studio Version 17
VisualStudioVersion = 17.4.33122.133
MinimumVisualStudioVersion = 10.0.40219.1
Project("{9A19103F-16F7-4668-BE54-9A1E7A4F7556}") = "BookChecker", "BookChecker\BookChecker.csproj", "{4E7AB451-94A6-4094-A3A9-C2C6D31D920C}"
EndProject
Project("{9A19103F-16F7-4668-BE54-9A1E7A4F7556}") = "LinkCheckerLib", "LinkCheckerLib\LinkCheckerLib.csproj", "{B865E030-A6F4-42F7-85BB-EC5432D15564}"
EndProject
Project("{9A19103F-16F7-4668-BE54-9A1E7A4F7556}") = "LinkCheckerLib.Tests", "LinkCheckerLib.Tests\LinkCheckerLib.Tests.csproj", "{6CB8719E-7E96-4CBF-8F46-7E44B6610F4B}"
EndProject
Global
	GlobalSection(SolutionConfigurationPlatforms) = preSolution
		Debug|Any CPU = Debug|Any CPU
		Release|Any CPU = Release|Any CPU
	EndGlobalSection
	GlobalSection(ProjectConfigurationPlatforms) = postSolution
		{4E7AB451-94A6-4094-A3A9-C2C6D31D920C}.Debug|Any CPU.ActiveCfg = Debug|Any CPU
		{4E7AB451-94A6-4094-A3A9-C2C6D31D920C}.Debug|Any CPU.Build.0 = Debug|Any CPU
		{4E7AB451-94A6-4094-A3A9-C2C6D31D920C}.Release|Any CPU.ActiveCfg = Release|Any CPU
		{4E7AB451-94A6-4094-A3A9-C2C6D31D920C}.Release|Any CPU.Build.0 = Release|Any CPU
		{B865E030-A6F4-42F7-85BB-EC5432D15564}.Debug|Any CPU.ActiveCfg = Debug|Any CPU
		{B865E030-A6F4-42F7-85BB-EC5432D15564}.Debug|Any CPU.Build.0 = Debug|Any CPU
		{B865E030-A6F4-42F7-85BB-EC5432D15564}.Release|Any CPU.ActiveCfg = Release|Any CPU
		{B865E030-A6F4-42F7-85BB-EC5432D15564}.Release|Any CPU.Build.0 = Release|Any CPU
		{6CB8719E-7E96-4CBF-8F46-7E44B6610F4B}.Debug|Any CPU.ActiveCfg = Debug|Any CPU
		{6CB8719E-7E96-4CBF-8F46-7E44B6610F4B}.Debug|Any CPU.Build.0 = Debug|Any CPU
		{6CB8719E-7E96-4CBF-8F46-7E44B6610F4B}.Release|Any CPU.ActiveCfg = Release|Any CPU
		{6CB8719E-7E96-4CBF-8F46-7E44B6610F4B}.Release|Any CPU.Build.0 = Release|Any CPU
	EndGlobalSection
	GlobalSection(SolutionProperties) = preSolution
		HideSolutionNode = FALSE
	EndGlobalSection
	GlobalSection(ExtensibilityGlobals) = postSolution
		SolutionGuid = {582B9FF5-F464-4210-83C4-31D0B9D66AF9}
	EndGlobalSection
EndGlobal
